
Microsoft Visual Studio Solution File, Format Version 12.00
# Visual Studio Version 17
VisualStudioVersion = 17.14.36603.0
MinimumVisualStudioVersion = 10.0.40219.1
Project("{FAE04EC0-301F-11D3-BF4B-00C04F79EFBC}") = "CivicPlusApi", "CivicPlusApi\CivicPlusApi.csproj", "{C8E3DD94-784F-4028-8AA8-0DAE62FAED5A}"
EndProject
Global
	GlobalSection(SolutionConfigurationPlatforms) = preSolution
		Debug|Any CPU = Debug|Any CPU
		Release|Any CPU = Release|Any CPU
	EndGlobalSection
	GlobalSection(ProjectConfigurationPlatforms) = postSolution
		{C8E3DD94-784F-4028-8AA8-0DAE62FAED5A}.Debug|Any CPU.ActiveCfg = Debug|Any CPU
		{C8E3DD94-784F-4028-8AA8-0DAE62FAED5A}.Debug|Any CPU.Build.0 = Debug|Any CPU
		{C8E3DD94-784F-4028-8AA8-0DAE62FAED5A}.Release|Any CPU.ActiveCfg = Release|Any CPU
		{C8E3DD94-784F-4028-8AA8-0DAE62FAED5A}.Release|Any CPU.Build.0 = Release|Any CPU
	EndGlobalSection
	GlobalSection(SolutionProperties) = preSolution
		HideSolutionNode = FALSE
	EndGlobalSection
	GlobalSection(ExtensibilityGlobals) = postSolution
		SolutionGuid = {89AE0592-88F9-4500-B8FB-2F6823008A43}
	EndGlobalSection
EndGlobal
